
Microsoft Visual Studio Solution File, Format Version 12.00
# Visual Studio Version 17
VisualStudioVersion = 17.8.34330.188
MinimumVisualStudioVersion = 10.0.40219.1
Project("{8BC9CEB8-8B4A-11D0-8D11-00A0C91BC942}") = "catch2-sample", "catch2-sample.vcxproj", "{57319CC7-191C-4148-AE13-3C29B9A3E5E1}"
EndProject
Project("{8BC9CEB8-8B4A-11D0-8D11-00A0C91BC942}") = "calcsum", "..\calcsum\calcsum.vcxproj", "{BFA0FB3C-D091-4092-A1B5-2F62E3DA310D}"
EndProject
Global
	GlobalSection(SolutionConfigurationPlatforms) = preSolution
		Debug|x64 = Debug|x64
		Debug|x86 = Debug|x86
		Release|x64 = Release|x64
		Release|x86 = Release|x86
	EndGlobalSection
	GlobalSection(ProjectConfigurationPlatforms) = postSolution
		{57319CC7-191C-4148-AE13-3C29B9A3E5E1}.Debug|x64.ActiveCfg = Debug|x64
		{57319CC7-191C-4148-AE13-3C29B9A3E5E1}.Debug|x64.Build.0 = Debug|x64
		{57319CC7-191C-4148-AE13-3C29B9A3E5E1}.Debug|x86.ActiveCfg = Debug|Win32
		{57319CC7-191C-4148-AE13-3C29B9A3E5E1}.Debug|x86.Build.0 = Debug|Win32
		{57319CC7-191C-4148-AE13-3C29B9A3E5E1}.Release|x64.ActiveCfg = Release|x64
		{57319CC7-191C-4148-AE13-3C29B9A3E5E1}.Release|x64.Build.0 = Release|x64
		{57319CC7-191C-4148-AE13-3C29B9A3E5E1}.Release|x86.ActiveCfg = Release|Win32
		{57319CC7-191C-4148-AE13-3C29B9A3E5E1}.Release|x86.Build.0 = Release|Win32
		{BFA0FB3C-D091-4092-A1B5-2F62E3DA310D}.Debug|x64.ActiveCfg = Debug|x64
		{BFA0FB3C-D091-4092-A1B5-2F62E3DA310D}.Debug|x64.Build.0 = Debug|x64
		{BFA0FB3C-D091-4092-A1B5-2F62E3DA310D}.Debug|x86.ActiveCfg = Debug|Win32
		{BFA0FB3C-D091-4092-A1B5-2F62E3DA310D}.Debug|x86.Build.0 = Debug|Win32
		{BFA0FB3C-D091-4092-A1B5-2F62E3DA310D}.Release|x64.ActiveCfg = Release|x64
		{BFA0FB3C-D091-4092-A1B5-2F62E3DA310D}.Release|x64.Build.0 = Release|x64
		{BFA0FB3C-D091-4092-A1B5-2F62E3DA310D}.Release|x86.ActiveCfg = Release|Win32
		{BFA0FB3C-D091-4092-A1B5-2F62E3DA310D}.Release|x86.Build.0 = Release|Win32
	EndGlobalSection
	GlobalSection(SolutionProperties) = preSolution
		HideSolutionNode = FALSE
	EndGlobalSection
	GlobalSection(ExtensibilityGlobals) = postSolution
		SolutionGuid = {03EE478A-F86B-4C3E-929E-8B76AEC1138C}
	EndGlobalSection
EndGlobal
